Microsoft Visual Studio Solution File, Format Version 12.00
# Visual Studio Version 17
VisualStudioVersion = 17.5.2.0
MinimumVisualStudioVersion = 10.0.40219.1
Project("{2150E333-8FDC-42A3-9474-1A3956D46DE8}") = "CsharpProject", "CsharpProject", "{983C9E70-5136-134B-0961-023B97CE5536}"
EndProject
Project("{FAE04EC0-301F-11D3-BF4B-00C04F79EFBC}") = "TestProject", "CsharpProject\TestProject\TestProject.csproj", "{97169EAD-2538-877A-099A-3A4DC13D4319}"
EndProject
Project("{FAE04EC0-301F-11D3-BF4B-00C04F79EFBC}") = "ContosoPizza", "CsharpProject\ContosoPizza\ContosoPizza.csproj", "{7A636BE6-3B68-428F-B059-6958E24C572B}"
EndProject
Project("{FAE04EC0-301F-11D3-BF4B-00C04F79EFBC}") = "DotNetDebugging", "CsharpProject\DotNetDebugging\DotNetDebugging.csproj", "{BA8A823B-1D71-4A57-AC6D-455C697567EF}"
EndProject
Project("{FAE04EC0-301F-11D3-BF4B-00C04F79EFBC}") = "DotNetDependencies", "CsharpProject\DotNetDependencies\DotNetDependencies.csproj", "{05CB32C2-67AA-486A-96ED-4B1B95FD0D81}"
EndProject
Project("{FAE04EC0-301F-11D3-BF4B-00C04F79EFBC}") = "FraudulentTest", "CsharpProject\FraudulentTest\FraudulentTest.csproj", "{B2DDBE53-817B-4657-95EB-AA1ADE01BE3C}"
EndProject
Project("{FAE04EC0-301F-11D3-BF4B-00C04F79EFBC}") = "MathChallenge", "CsharpProject\MathChallenge\MathChallenge.csproj", "{D7836A44-4C38-4CD4-849D-581881400FB3}"
EndProject
Project("{FAE04EC0-301F-11D3-BF4B-00C04F79EFBC}") = "RandomTest", "CsharpProject\RandomTest\RandomTest.csproj", "{F59F5DCA-B196-4150-A9D7-ACBABFBD41EE}"
EndProject
Project("{FAE04EC0-301F-11D3-BF4B-00C04F79EFBC}") = "SubscriptionExpiry", "CsharpProject\SubscriptionExpiry\SubscriptionExpiry.csproj", "{665BFCEB-C7CC-4708-96E0-696F4A73EB3D}"
EndProject
Project("{FAE04EC0-301F-11D3-BF4B-00C04F79EFBC}") = "TestArray", "CsharpProject\TestArray\TestArray.csproj", "{B5EDD6E1-B4FE-4898-8D72-F4BD0D9CCAFB}"
EndProject
Project("{FAE04EC0-301F-11D3-BF4B-00C04F79EFBC}") = "mslearn-dotnet-files", "CsharpProject\mslearn-dotnet-files\mslearn-dotnet-files.csproj", "{CB2AF901-D028-43E6-AD97-7E3512134B25}"
EndProject
Global
	GlobalSection(SolutionConfigurationPlatforms) = preSolution
		Debug|Any CPU = Debug|Any CPU
		Release|Any CPU = Release|Any CPU
	EndGlobalSection
	GlobalSection(ProjectConfigurationPlatforms) = postSolution
		{97169EAD-2538-877A-099A-3A4DC13D4319}.Debug|Any CPU.ActiveCfg = Debug|Any CPU
		{97169EAD-2538-877A-099A-3A4DC13D4319}.Debug|Any CPU.Build.0 = Debug|Any CPU
		{97169EAD-2538-877A-099A-3A4DC13D4319}.Release|Any CPU.ActiveCfg = Release|Any CPU
		{97169EAD-2538-877A-099A-3A4DC13D4319}.Release|Any CPU.Build.0 = Release|Any CPU
		{7A636BE6-3B68-428F-B059-6958E24C572B}.Debug|Any CPU.ActiveCfg = Debug|Any CPU
		{7A636BE6-3B68-428F-B059-6958E24C572B}.Debug|Any CPU.Build.0 = Debug|Any CPU
		{7A636BE6-3B68-428F-B059-6958E24C572B}.Release|Any CPU.ActiveCfg = Release|Any CPU
		{7A636BE6-3B68-428F-B059-6958E24C572B}.Release|Any CPU.Build.0 = Release|Any CPU
		{BA8A823B-1D71-4A57-AC6D-455C697567EF}.Debug|Any CPU.ActiveCfg = Debug|Any CPU
		{BA8A823B-1D71-4A57-AC6D-455C697567EF}.Debug|Any CPU.Build.0 = Debug|Any CPU
		{BA8A823B-1D71-4A57-AC6D-455C697567EF}.Release|Any CPU.ActiveCfg = Release|Any CPU
		{BA8A823B-1D71-4A57-AC6D-455C697567EF}.Release|Any CPU.Build.0 = Release|Any CPU
		{05CB32C2-67AA-486A-96ED-4B1B95FD0D81}.Debug|Any CPU.ActiveCfg = Debug|Any CPU
		{05CB32C2-67AA-486A-96ED-4B1B95FD0D81}.Debug|Any CPU.Build.0 = Debug|Any CPU
		{05CB32C2-67AA-486A-96ED-4B1B95FD0D81}.Release|Any CPU.ActiveCfg = Release|Any CPU
		{05CB32C2-67AA-486A-96ED-4B1B95FD0D81}.Release|Any CPU.Build.0 = Release|Any CPU
		{B2DDBE53-817B-4657-95EB-AA1ADE01BE3C}.Debug|Any CPU.ActiveCfg = Debug|Any CPU
		{B2DDBE53-817B-4657-95EB-AA1ADE01BE3C}.Debug|Any CPU.Build.0 = Debug|Any CPU
		{B2DDBE53-817B-4657-95EB-AA1ADE01BE3C}.Release|Any CPU.ActiveCfg = Release|Any CPU
		{B2DDBE53-817B-4657-95EB-AA1ADE01BE3C}.Release|Any CPU.Build.0 = Release|Any CPU
		{D7836A44-4C38-4CD4-849D-581881400FB3}.Debug|Any CPU.ActiveCfg = Debug|Any CPU
		{D7836A44-4C38-4CD4-849D-581881400FB3}.Debug|Any CPU.Build.0 = Debug|Any CPU
		{D7836A44-4C38-4CD4-849D-581881400FB3}.Release|Any CPU.ActiveCfg = Release|Any CPU
		{D7836A44-4C38-4CD4-849D-581881400FB3}.Release|Any CPU.Build.0 = Release|Any CPU
		{F59F5DCA-B196-4150-A9D7-ACBABFBD41EE}.Debug|Any CPU.ActiveCfg = Debug|Any CPU
		{F59F5DCA-B196-4150-A9D7-ACBABFBD41EE}.Debug|Any CPU.Build.0 = Debug|Any CPU
		{F59F5DCA-B196-4150-A9D7-ACBABFBD41EE}.Release|Any CPU.ActiveCfg = Release|Any CPU
		{F59F5DCA-B196-4150-A9D7-ACBABFBD41EE}.Release|Any CPU.Build.0 = Release|Any CPU
		{665BFCEB-C7CC-4708-96E0-696F4A73EB3D}.Debug|Any CPU.ActiveCfg = Debug|Any CPU
		{665BFCEB-C7CC-4708-96E0-696F4A73EB3D}.Debug|Any CPU.Build.0 = Debug|Any CPU
		{665BFCEB-C7CC-4708-96E0-696F4A73EB3D}.Release|Any CPU.ActiveCfg = Release|Any CPU
		{665BFCEB-C7CC-4708-96E0-696F4A73EB3D}.Release|Any CPU.Build.0 = Release|Any CPU
		{B5EDD6E1-B4FE-4898-8D72-F4BD0D9CCAFB}.Debug|Any CPU.ActiveCfg = Debug|Any CPU
		{B5EDD6E1-B4FE-4898-8D72-F4BD0D9CCAFB}.Debug|Any CPU.Build.0 = Debug|Any CPU
		{B5EDD6E1-B4FE-4898-8D72-F4BD0D9CCAFB}.Release|Any CPU.ActiveCfg = Release|Any CPU
		{B5EDD6E1-B4FE-4898-8D72-F4BD0D9CCAFB}.Release|Any CPU.Build.0 = Release|Any CPU
		{CB2AF901-D028-43E6-AD97-7E3512134B25}.Debug|Any CPU.ActiveCfg = Debug|Any CPU
		{CB2AF901-D028-43E6-AD97-7E3512134B25}.Debug|Any CPU.Build.0 = Debug|Any CPU
		{CB2AF901-D028-43E6-AD97-7E3512134B25}.Release|Any CPU.ActiveCfg = Release|Any CPU
		{CB2AF901-D028-43E6-AD97-7E3512134B25}.Release|Any CPU.Build.0 = Release|Any CPU
	EndGlobalSection
	GlobalSection(SolutionProperties) = preSolution
		HideSolutionNode = FALSE
	EndGlobalSection
	GlobalSection(NestedProjects) = preSolution
		{97169EAD-2538-877A-099A-3A4DC13D4319} = {983C9E70-5136-134B-0961-023B97CE5536}
		{7A636BE6-3B68-428F-B059-6958E24C572B} = {983C9E70-5136-134B-0961-023B97CE5536}
		{BA8A823B-1D71-4A57-AC6D-455C697567EF} = {983C9E70-5136-134B-0961-023B97CE5536}
		{05CB32C2-67AA-486A-96ED-4B1B95FD0D81} = {983C9E70-5136-134B-0961-023B97CE5536}
		{B2DDBE53-817B-4657-95EB-AA1ADE01BE3C} = {983C9E70-5136-134B-0961-023B97CE5536}
		{D7836A44-4C38-4CD4-849D-581881400FB3} = {983C9E70-5136-134B-0961-023B97CE5536}
		{F59F5DCA-B196-4150-A9D7-ACBABFBD41EE} = {983C9E70-5136-134B-0961-023B97CE5536}
		{665BFCEB-C7CC-4708-96E0-696F4A73EB3D} = {983C9E70-5136-134B-0961-023B97CE5536}
		{B5EDD6E1-B4FE-4898-8D72-F4BD0D9CCAFB} = {983C9E70-5136-134B-0961-023B97CE5536}
		{CB2AF901-D028-43E6-AD97-7E3512134B25} = {983C9E70-5136-134B-0961-023B97CE5536}
	EndGlobalSection
	GlobalSection(ExtensibilityGlobals) = postSolution
		SolutionGuid = {D5AA18DB-43E4-44F9-A26A-3FEC65792BAC}
	EndGlobalSection
EndGlobal
